
Microsoft Visual Studio Solution File, Format Version 12.00
# Visual Studio Version 16
VisualStudioVersion = 16.0.30717.126
MinimumVisualStudioVersion = 10.0.40219.1
Project("{FAE04EC0-301F-11D3-BF4B-00C04F79EFBC}") = "IViR", "IViR.csproj", "{CC7828E9-C063-415A-82D4-A07792C896EC}"
EndProject
Global
	GlobalSection(SolutionConfigurationPlatforms) = preSolution
		Debug|Any CPU = Debug|Any CPU
		Release|Any CPU = Release|Any CPU
	EndGlobalSection
	GlobalSection(ProjectConfigurationPlatforms) = postSolution
		{CC7828E9-C063-415A-82D4-A07792C896EC}.Debug|Any CPU.ActiveCfg = Debug|Any CPU
		{CC7828E9-C063-415A-82D4-A07792C896EC}.Debug|Any CPU.Build.0 = Debug|Any CPU
		{CC7828E9-C063-415A-82D4-A07792C896EC}.Release|Any CPU.ActiveCfg = Release|Any CPU
		{CC7828E9-C063-415A-82D4-A07792C896EC}.Release|Any CPU.Build.0 = Release|Any CPU
	EndGlobalSection
	GlobalSection(SolutionProperties) = preSolution
		HideSolutionNode = FALSE
	EndGlobalSection
	GlobalSection(ExtensibilityGlobals) = postSolution
		SolutionGuid = {06960A6A-32B8-4429-B4E9-27014A24700A}
	EndGlobalSection
EndGlobal
